dependencies:
  espressif/button:
    component_hash: f53face2ab21fa0ffaf4cf0f6e513d393f56df6586bb2ad1146120f03f19ee05
    dependencies:
    - name: espressif/cmake_utilities
      registry_url: https://components.espressif.com
      require: private
      version: '*'
    - name: idf
      require: private
      version: '>=4.0'
    source:
      registry_url: https://components.espressif.com/
      type: service
    version: 4.1.3
  espressif/cbor:
    component_hash: 742f5005032227c6edbaab15f3dd6d2010bf2f5997ea93bb313e4e629789b2e0
    dependencies:
    - name: idf
      require: private
      version: '>=4.3'
    source:
      registry_url: https://components.espressif.com
      type: service
    version: 0.6.0~2
  espressif/cmake_utilities:
    component_hash: 05165f30922b422b4b90c08845e6d449329b97370fbd06309803d8cb539d79e3
    dependencies:
    - name: idf
      require: private
      version: '>=4.1'
    source:
      registry_url: https://components.espressif.com
      type: service
    version: 1.1.1
  espressif/esp-serial-flasher:
    component_hash: dcc42a16712a1a636509cf0bf90e14032d7f2141784b533613b267b6aa318d52
    dependencies: []
    source:
      registry_url: https://components.espressif.com
      type: service
    version: 0.0.11
  espressif/esp_delta_ota:
    component_hash: 77930340dfec69b8bcd39216a470624821549012f1651fa753f1b10105977c8c
    dependencies:
    - name: idf
      require: private
      version: '>=4.3'
    source:
      registry_url: https://components.espressif.com/
      type: service
    version: 1.1.2
  espressif/esp_diag_data_store:
    component_hash: c1e5cf62f545d2b136db299f4df1b228b9840be5bc3410c9ad2d2a882b5c0d64
    dependencies:
    - name: idf
      require: private
      version: '>=4.1'
    source:
      registry_url: https://components.espressif.com
      type: service
    version: 1.0.2
  espressif/esp_diagnostics:
    component_hash: b6ae5ae71264612d3742ef91e3f44092ae98060feecddd70e04f26bdc172cded
    dependencies:
    - name: espressif/rmaker_common
      registry_url: https://components.espressif.com
      require: private
      version: ~1.4.0
    - name: idf
      require: private
      version: '>=4.1'
    source:
      registry_url: https://components.espressif.com
      type: service
    version: 1.2.3
  espressif/esp_encrypted_img:
    component_hash: e5a065c140fbc6a69a1de4fa1731b7596cc34a4a50b57913b2dc34c9ad3a0a70
    dependencies:
    - name: idf
      require: private
      version: '>=4.4'
    source:
      registry_url: https://components.espressif.com/
      type: service
    version: 2.3.0
  espressif/esp_insights:
    component_hash: 056d4769f0ea308bfc5c8c158eb8cbb582c05671da645cd25856063b50987101
    dependencies:
    - name: espressif/cbor
      registry_url: https://components.espressif.com
      require: private
      rules:
      - if: idf_version >=5.0
      version: ~0.6
    - name: espressif/esp_diag_data_store
      registry_url: https://components.espressif.com
      require: private
      version: 1.0.2
    - name: espressif/esp_diagnostics
      registry_url: https://components.espressif.com
      require: private
      version: '>=1.2.3'
    - name: espressif/rmaker_common
      registry_url: https://components.espressif.com
      require: private
      version: ~1.4.0
    - name: idf
      require: private
      version: '>=4.1'
    source:
      registry_url: https://components.espressif.com/
      type: service
    version: 1.2.6
  espressif/esp_rcp_update:
    component_hash: 37f535edd527a45faeaad649c0c56af36e5399074e52d83f0990fce466844dde
    dependencies:
    - name: espressif/esp-serial-flasher
      registry_url: https://components.espressif.com
      require: private
      version: ~0.0.0
    - name: idf
      require: private
      version: '>=5.0'
    source:
      registry_url: https://components.espressif.com/
      type: service
    version: 1.3.1
  espressif/esp_secure_cert_mgr:
    component_hash: 5d9175b416f751ba6a7cb35bdf092f0af85658ce06c4a592c7c541d8017ebeb9
    dependencies:
    - name: idf
      require: private
      version: '>=4.3'
    source:
      registry_url: https://components.espressif.com/
      type: service
    version: 2.5.0
  espressif/jsmn:
    component_hash: d80350c41bbaa827c98a25b6072df00884e72f54885996fab4a4f0aebce6b6c3
    dependencies:
    - name: idf
      require: private
      version: '>=4.3'
    source:
      registry_url: https://components.espressif.com
      type: service
    version: 1.1.0
  espressif/json_generator:
    component_hash: 45033e1c199b13f1c8c1b544fb7d4e2df6a8e3071ebdcb1b22582b61a7974ff2
    dependencies: []
    source:
      registry_url: https://components.espressif.com/
      type: service
    version: 1.1.2
  espressif/json_parser:
    component_hash: d74b81729ad06ec11ff5eb5b1b0d7df1d00e6027fc11471f4b139c70dcf1b1e4
    dependencies:
    - name: espressif/jsmn
      registry_url: https://components.espressif.com
      require: private
      rules:
      - if: idf_version >=5.0
      version: ~1.1
    source:
      registry_url: https://components.espressif.com/
      type: service
    version: 1.0.3
  espressif/led_strip:
    component_hash: e8179c56057c243e80a8286c39361eb4bef33e42eb5f7fc841ea877597ca13f7
    dependencies: []
    source:
      registry_url: https://components.espressif.com/
      type: service
    version: 1.0.0
  espressif/mdns:
    component_hash: 3ec0af5f6bce310512e90f482388d21cc7c0e99668172d2f895356165fc6f7c5
    dependencies:
    - name: idf
      require: private
      version: '>=5.0'
    source:
      registry_url: https://components.espressif.com/
      type: service
    version: 1.8.2
  espressif/rmaker_common:
    component_hash: f8bb0ed032c01e98beff39e6787b0bc927f79416d9f82766831ca27588f15393
    dependencies: []
    source:
      registry_url: https://components.espressif.com
      type: service
    version: 1.4.9
  idf:
    source:
      type: idf
    version: 5.4.1
direct_dependencies:
- espressif/button
- espressif/esp_delta_ota
- espressif/esp_encrypted_img
- espressif/esp_insights
- espressif/esp_rcp_update
- espressif/esp_secure_cert_mgr
- espressif/json_generator
- espressif/json_parser
- espressif/led_strip
- espressif/mdns
manifest_hash: a5ff352a9e4ee1d9528e66d3e7fac95442b1b2b12f0a1d948d1bda61f7b06d3e
target: esp32c6
version: 2.0.0
